
Microsoft Visual Studio Solution File, Format Version 12.00
# Visual Studio Version 16
VisualStudioVersion = 16.0.31702.278
MinimumVisualStudioVersion = 10.0.40219.1
Project("{F184B08F-C81C-45F6-A57F-5ABD9991F28F}") = "RestaurantProject", "RestaurantProject\RestaurantProject.vbproj", "{28553CBB-C68C-48CE-A61A-4A392A3B8789}"
EndProject
Global
	GlobalSection(SolutionConfigurationPlatforms) = preSolution
		Debug|Any CPU = Debug|Any CPU
		Release|Any CPU = Release|Any CPU
	EndGlobalSection
	GlobalSection(ProjectConfigurationPlatforms) = postSolution
		{28553CBB-C68C-48CE-A61A-4A392A3B8789}.Debug|Any CPU.ActiveCfg = Debug|Any CPU
		{28553CBB-C68C-48CE-A61A-4A392A3B8789}.Debug|Any CPU.Build.0 = Debug|Any CPU
		{28553CBB-C68C-48CE-A61A-4A392A3B8789}.Release|Any CPU.ActiveCfg = Release|Any CPU
		{28553CBB-C68C-48CE-A61A-4A392A3B8789}.Release|Any CPU.Build.0 = Release|Any CPU
	EndGlobalSection
	GlobalSection(SolutionProperties) = preSolution
		HideSolutionNode = FALSE
	EndGlobalSection
	GlobalSection(ExtensibilityGlobals) = postSolution
		SolutionGuid = {342BBD5C-46A6-4805-8077-2C5E8F9D739C}
	EndGlobalSection
EndGlobal
